# THIS IS AN AUTOGENERATED FILE. DO NOT EDIT THIS FILE DIRECTLY.
# yarn lockfile v1


"@babel/runtime@^7.29.2":
  version "7.29.7"
  resolved "https://registry.yarnpkg.com/@babel/runtime/-/runtime-7.29.7.tgz#12022450c45a4da6d8d8287b18a4ff2ddb23f768"
  integrity sha512-Nq8OhGWiZIZGV6hLHoyAKLLcJihP/xFeBMGJoUrxTX2psI8dCifzLhZISFb+VWS3wFMRDmCGw5R+dOySCqPLhw==

"@chenfengyuan/datepicker@1.*":
  version "1.0.10"
  resolved "https://registry.yarnpkg.com/@chenfengyuan/datepicker/-/datepicker-1.0.10.tgz#33d544d80f8f0a10dcb6194136ea5639d285b3d5"
  integrity sha512-w016ygdUgBY6hhV7HFKRy2DeSiRPPczekA6FJfIpmqQYh5leKne4WvW/YWOCY1xrQVvamdLyhMhbsn8vN5iQAg==

"@fortawesome/fontawesome-free@5.*":
  version "5.15.4"
  resolved "https://registry.yarnpkg.com/@fortawesome/fontawesome-free/-/fontawesome-free-5.15.4.tgz#ecda5712b61ac852c760d8b3c79c96adca5554e5"
  integrity sha512-eYm8vijH/hpzr/6/1CJ/V/Eb1xQFW2nnUKArb3z+yUWv7HTwj6M7SP957oMjfZjAHU6qpoNc2wQvIxBLWYa/Jg==

"@kurkle/color@^0.3.0":
  version "0.3.4"
  resolved "https://registry.yarnpkg.com/@kurkle/color/-/color-0.3.4.tgz#4d4ff677e1609214fc71c580125ddddd86abcabf"
  integrity sha512-M5UknZPHRu3DEDWoipU6sE8PdkZ6Z/S+v4dD+Ke8IaNlpdSQah50lz1KtcFBa2vsdOnwbbnxJwVM4wty6udA5w==

block-ui@2.*:
  version "2.70.1"
  resolved "https://registry.yarnpkg.com/block-ui/-/block-ui-2.70.1.tgz#c862d64ee6288fb78123377c6680bc7ab262103f"
  integrity sha512-Hx69Bw368lQ9+zOcisvWpoHBsZi9owHQ1YBwLZXFhOMXv59VjBSHHCDWfTaByYSUoNZgTt/sjR1juEbyqwWpwQ==
  dependencies:
    jquery ">=1.7.x"

bootstrap-table@1.*:
  version "1.27.3"
  resolved "https://registry.yarnpkg.com/bootstrap-table/-/bootstrap-table-1.27.3.tgz#99c0fe984b3b5d58ca7667699f9dd41b446564ef"
  integrity sha512-XB+8E5g72tdd18qcoV00pnz5PDl/w+sAaDrliJy11YZrJp3nj3Uw1KogblHYMsbeQW+FhAMJOu9HG8l0M8LyQA==

bootstrap4-toggle@^3.6:
  version "3.6.1"
  resolved "https://registry.yarnpkg.com/bootstrap4-toggle/-/bootstrap4-toggle-3.6.1.tgz#867f2c350727022e6358ec0d43e43b7cfb609f74"
  integrity sha512-eRejcTc9YurhZ64nHY9Ii9DQn+F9/R74H9RPoeANVM3N1+C2lZ2tUuFCx1w3orOJ1y/iG4A7iCwdDZphMDIrYg==

bootstrap@4.*:
  version "4.6.2"
  resolved "https://registry.yarnpkg.com/bootstrap/-/bootstrap-4.6.2.tgz#8e0cd61611728a5bf65a3a2b8d6ff6c77d5d7479"
  integrity sha512-51Bbp/Uxr9aTuy6ca/8FbFloBUJZLHwnhTcnjIeRn2suQWsWzcuJhGjKDB5eppVte/8oCdOL3VuwxvZDUggwGQ==

chart.js@^4:
  version "4.5.1"
  resolved "https://registry.yarnpkg.com/chart.js/-/chart.js-4.5.1.tgz#19dd1a9a386a3f6397691672231cb5fc9c052c35"
  integrity sha512-GIjfiT9dbmHRiYi6Nl2yFCq7kkwdkp1W/lp2J99rX0yo9tgJGn3lKQATztIjb5tVtevcBtIdICNWqlq5+E8/Pw==
  dependencies:
    "@kurkle/color" "^0.3.0"

chartjs-plugin-datalabels@2.*:
  version "2.2.0"
  resolved "https://registry.yarnpkg.com/chartjs-plugin-datalabels/-/chartjs-plugin-datalabels-2.2.0.tgz#369578e131d743c2e34b5fbe2d3f9335f6639b8f"
  integrity sha512-14ZU30lH7n89oq+A4bWaJPnAG8a7ZTk7dKf48YAzMvJjQtjrgg5Dpk9f+LbjCF6bpx3RAGTeL13IXpKQYyRvlw==

chartjs-plugin-trendline@2.*:
  version "2.1.9"
  resolved "https://registry.yarnpkg.com/chartjs-plugin-trendline/-/chartjs-plugin-trendline-2.1.9.tgz#7444ffa96c1eba4521340e8fe8e2b6b289bcd699"
  integrity sha512-6vzl7o2mytprS71yYCn91SZHbq5K8QnMGixz3SORemoAxPwJVTYK8J2ViQ44Hkxf6ld5/GwOtL0eU5k8IywocA==

datatables.net-bs4@1.*:
  version "1.13.11"
  resolved "https://registry.yarnpkg.com/datatables.net-bs4/-/datatables.net-bs4-1.13.11.tgz#b31b9006f1901746e6c835925523608bd0a29025"
  integrity sha512-1LnxzQDFKpwvBETc8wtUtQ+pUXhs6NJomNST5pRzzHAccckkj9rZeOp3mevKDnDJKuNhBM1Y0rIeZGylJnqh9A==
  dependencies:
    datatables.net "1.13.11"
    jquery "1.8 - 4"

datatables.net-bs4@^2:
  version "2.3.8"
  resolved "https://registry.yarnpkg.com/datatables.net-bs4/-/datatables.net-bs4-2.3.8.tgz#da3660b5981ba062aa59dda1c81c524201111742"
  integrity sha512-i65jbIw6DPG6KyUXRacCFzbawRYA2UjPg68tPkOns/r9YXQngSMQ/+izdmJk1xnPDRXh3cuTqV8cqOIy1NXH1A==
  dependencies:
    datatables.net "2.3.8"
    jquery ">=1.7"

datatables.net-responsive-bs4@3.*:
  version "3.0.8"
  resolved "https://registry.yarnpkg.com/datatables.net-responsive-bs4/-/datatables.net-responsive-bs4-3.0.8.tgz#a1bbdb4029b8618981a0e0d6bf85f4f243a9fdb3"
  integrity sha512-OvaJdidQhSGbpTb+BMyUSzeRvPrQUHn8h87Z0Sbt9fnPFF7QsqowWo7a9/gxqwP+ZnXhdHLdOM7+DTxir2YRFA==
  dependencies:
    datatables.net-bs4 "^2"
    datatables.net-responsive "3.0.8"
    jquery ">=1.7"

datatables.net-responsive@3.*, datatables.net-responsive@3.0.8:
  version "3.0.8"
  resolved "https://registry.yarnpkg.com/datatables.net-responsive/-/datatables.net-responsive-3.0.8.tgz#c41d706c98442122e61a8fb9b02a8b2995cd487d"
  integrity sha512-htslaX9g/9HFrJeyFQKEe/XJWpawPxpvy+M6vc/NkKQIrKhbxSoPc3phPqmlnZth6b9hgawqWDT0e0lwf5p+KA==
  dependencies:
    datatables.net "^2"
    jquery ">=1.7"

datatables.net@1.*, datatables.net@1.13.11:
  version "1.13.11"
  resolved "https://registry.yarnpkg.com/datatables.net/-/datatables.net-1.13.11.tgz#e2a4c8b50553512f241ebfcbc078d74d551183b2"
  integrity sha512-AE6RkMXziRaqzPcu/pl3SJXeRa6fmXQG/fVjuRESujvkzqDCYEeKTTpPMuVJSGYJpPi32WGSphVNNY1G4nSN/g==
  dependencies:
    jquery "1.8 - 4"

datatables.net@2.3.8, datatables.net@^2:
  version "2.3.8"
  resolved "https://registry.yarnpkg.com/datatables.net/-/datatables.net-2.3.8.tgz#55a8dbe3bd2196951c498ab79bf44602a2bf3229"
  integrity sha512-uhViowhlDlheAuo5a8TrkQqADsjrtGeOyvrigvr4t0+K3MyAWqClORXWAYIcN9VLX6iIX0C8O9gwJNd01hITRg==
  dependencies:
    jquery ">=1.7"

daterangepicker@3.*:
  version "3.1.0"
  resolved "https://registry.yarnpkg.com/daterangepicker/-/daterangepicker-3.1.0.tgz#718d606614331df3e774c9aba82ccd8838d45da1"
  integrity sha512-DxWXvvPq4srWLCqFugqSV+6CBt/CvQ0dnpXhQ3gl0autcIDAruG1PuGG3gC7yPRNytAD1oU1AcUOzaYhOawhTw==
  dependencies:
    jquery ">=1.10"
    moment "^2.9.0"

i18next-icu@2.*:
  version "2.4.3"
  resolved "https://registry.yarnpkg.com/i18next-icu/-/i18next-icu-2.4.3.tgz#61be8d42a091d28e9245cc3f61edfa34e2b0f5a1"
  integrity sha512-Clb5XCp416Z+BkJUTATCjmDcw2AFzSUDVLxLVK/KhtXP6TJQHrht+6MqoJU1hCpyoCBKe59wMO9pvCvYroNcKg==

i18next@25.*:
  version "25.10.10"
  resolved "https://registry.yarnpkg.com/i18next/-/i18next-25.10.10.tgz#d610511c87150e7a98c58fa780e93f90603fe187"
  integrity sha512-cqUW2Z3EkRx7NqSyywjkgCLK7KLCL6IFVFcONG7nVYIJ3ekZ1/N5jUsihHV6Bq37NfhgtczxJcxduELtjTwkuQ==
  dependencies:
    "@babel/runtime" "^7.29.2"

ionicons-npm@2.*:
  version "2.0.1"
  resolved "https://registry.yarnpkg.com/ionicons-npm/-/ionicons-npm-2.0.1.tgz#ecd0be94944d9ca69f5bb4912edf84d2ec702e15"
  integrity sha512-QkC+NYCGWUuhrz/2hDqjcTIrH8NMfsy1XgpVtM7+F8xtxcUGtUagdu1ykDcXDnNTKXbniLb0RZp2QlMT5n9k1w==

jquery-circle-progress@1.*:
  version "1.2.2"
  resolved "https://registry.yarnpkg.com/jquery-circle-progress/-/jquery-circle-progress-1.2.2.tgz#260e9130ac8e2b5572eaa7a93b9e8a6b27bc8eea"
  integrity sha512-oW8qqxSttAThqCvy9x69+qrrAc0MNTGQlhUVWm+P20k7w8QICdwyYAc7z1CFeX4Gv474Vmr/wSnxk4h0s7ox/w==
  dependencies:
    jquery "*"

jquery.fancytree@2.*:
  version "2.38.5"
  resolved "https://registry.yarnpkg.com/jquery.fancytree/-/jquery.fancytree-2.38.5.tgz#69a6de7a50b4068fa19e5791f80a10a3977eb6ca"
  integrity sha512-6ntTplhfYKWz74GLpeeE9B62VqhsF+bd80gLZRDD1gl7Vv9WTqqQrCsrGMMu0PB6JLhNOXhf17xIcYpARG+N3g==

jquery@*, "jquery@1.8 - 4", jquery@>=1.10, jquery@>=1.12.0, jquery@>=1.7, jquery@>=1.7.x:
  version "4.0.0"
  resolved "https://registry.yarnpkg.com/jquery/-/jquery-4.0.0.tgz#95c33ac29005ff72ec444c5ba1cf457e61404fbb"
  integrity sha512-TXCHVR3Lb6TZdtw1l3RTLf8RBWVGexdxL6AC8/e0xZKEpBflBsjh9/8LXw+dkNFuOyW9B7iB3O1sP7hS0Kiacg==

jquery@3.*:
  version "3.7.1"
  resolved "https://registry.yarnpkg.com/jquery/-/jquery-3.7.1.tgz#083ef98927c9a6a74d05a6af02806566d16274de"
  integrity sha512-m4avr8yL8kmFN8psrbFFFmB/If14iN5o9nw/NgnnM+kybDJpRsAynV2BsfpTYrTRysYUdADVD7CkUUizgkpLfg==

metismenu@3.*:
  version "3.1.0"
  resolved "https://registry.yarnpkg.com/metismenu/-/metismenu-3.1.0.tgz#631cdce6fc304a6e462e5ca2c5f03bfcd939f577"
  integrity sha512-Nb9HhDr2bXcK44//iOImJUV/bS3+qLR3SsVkMGDd50mfZ6kWn6B3KpfELbnZhTGThRAPmAj3ZS1yYvuiBXlLPw==

moment@2.*, moment@^2.9.0:
  version "2.30.1"
  resolved "https://registry.yarnpkg.com/moment/-/moment-2.30.1.tgz#f8c91c07b7a786e30c59926df530b4eac96974ae"
  integrity sha512-uEmtNhbDOrWPFS+hdjFCBfy9f2YoyzRpwcl+DqpC6taX21FzsTLQVbMV/W7PzNSX6x/bhC1zA3c2UQ5NzH6how==

nouislider@15.*:
  version "15.8.1"
  resolved "https://registry.yarnpkg.com/nouislider/-/nouislider-15.8.1.tgz#18729ed29738d2d328a1b5e0429d38eb8be8a696"
  integrity sha512-93TweAi8kqntHJSPiSWQ1o/uZ29VWOmal9YKb6KKGGlCkugaNfAupT7o1qTHqdJvNQ7S0su5rO6qRFCjP8fxtw==

pe7-icon@1.*:
  version "1.0.4"
  resolved "https://registry.yarnpkg.com/pe7-icon/-/pe7-icon-1.0.4.tgz#b6bc9c431069672e2c0fc73b7715c1c91b183a31"
  integrity sha512-ep08posjtRQERRiTxsh7o5Hx7qQj28Y/1pVZSZz28VfUAY1TXqI86pZM1skzjq2ejJAXxzt3XTuNiErTOKUF2g==

perfect-scrollbar@1.*:
  version "1.5.6"
  resolved "https://registry.yarnpkg.com/perfect-scrollbar/-/perfect-scrollbar-1.5.6.tgz#f1aead2588ba896435ee41b246812b2080573b7c"
  integrity sha512-rixgxw3SxyJbCaSpo1n35A/fwI1r2rdwMKOTCg/AcG+xOEyZcE8UHVjpZMFCVImzsFoCZeJTT+M/rdEIQYO2nw==

popper.js@1.*:
  version "1.16.1"
  resolved "https://registry.yarnpkg.com/popper.js/-/popper.js-1.16.1.tgz#2a223cb3dc7b6213d740e40372be40de43e65b1b"
  integrity sha512-Wb4p1J4zyFTbM+u6WuO4XstYx4Ky9Cewe4DWrel7B0w6VVICvPwdOpotjzcf6eD8TsckVnIMNONQyPIUFOUbCQ==

select2-bootstrap4-theme@1.*:
  version "1.0.0"
  resolved "https://registry.yarnpkg.com/select2-bootstrap4-theme/-/select2-bootstrap4-theme-1.0.0.tgz#d637ff18e7fdade8d723ad4c567ef2ba48b73094"
  integrity sha512-H5v9fd5JWqYKZZ0T8jB5cIrAhWdAIbr3K0pkfuUebcEZqFXlPtZSKoANzJc/qbDzj0/Sle1h/4APpVPveiR/VA==

select2@^4.0.13:
  version "4.1.0"
  resolved "https://registry.yarnpkg.com/select2/-/select2-4.1.0.tgz#8b037e02a3c025beda07fed7f9ecc7d298036e1a"
  integrity sha512-i9KalWOP4/LRRGc8+rj2krNm0ZqP14cV+j1TRCEBSsOhCPkKH8rYZ2MCRXcgvqIqN+llqGci0hj9aVkCMvL0+g==

slick-carousel@1.*:
  version "1.8.1"
  resolved "https://registry.yarnpkg.com/slick-carousel/-/slick-carousel-1.8.1.tgz#a4bfb29014887bb66ce528b90bd0cda262cc8f8d"
  integrity sha512-XB9Ftrf2EEKfzoQXt3Nitrt/IPbT+f1fgqBdoxO3W/+JYvtEOW6EgxnWfr9GH6nmULv7Y2tPmEX3koxThVmebA==

smartwizard@6.*:
  version "6.0.6"
  resolved "https://registry.yarnpkg.com/smartwizard/-/smartwizard-6.0.6.tgz#1582552d482c9c77d149a1febecd6915c5df4b5d"
  integrity sha512-avdXqjgoMGsP2AqHhOPTZ8HYqz1yv3ceb+xOGGgJNCaWiEHdCiySbBQivzDL+XfeDP4xkyTAJVcf+zy8FlM1WQ==

textarea-autosize@1.*:
  version "1.0.0"
  resolved "https://registry.yarnpkg.com/textarea-autosize/-/textarea-autosize-1.0.0.tgz#46dc14b27501a82225a35886599150419f39d670"
  integrity sha512-ZsoRhzZdXvRE5wDSBToIwVtQTZs/bzBcXDQ2IGBXK+f+RX5OaQn2Oki/a6myfamy0a+w+MmjmoxJWVNdeo2uWQ==

toastr@2.*:
  version "2.1.4"
  resolved "https://registry.yarnpkg.com/toastr/-/toastr-2.1.4.tgz#8b43be64fb9d0c414871446f2db8e8ca4e95f181"
  integrity sha512-LIy77F5n+sz4tefMmFOntcJ6HL0Fv3k1TDnNmFZ0bU/GcvIIfy6eG2v7zQmMiYgaalAiUv75ttFrPn5s0gyqlA==
  dependencies:
    jquery ">=1.12.0"

wnumb@1.*:
  version "1.2.0"
  resolved "https://registry.yarnpkg.com/wnumb/-/wnumb-1.2.0.tgz#f6fa5bfa739b9ca3b1e472094e1feeeb189484d9"
  integrity sha512-eYut5K/dW7usfk/Mwm6nxBNoTPp/uP7PlXld+hhg7lDtHLdHFnNclywGYM9BRC7Ohd4JhwuHg+vmOUGfd3NhVA==
